// !$*UTF8*$!
{
	archiveVersion = 1;
	classes = {
	};
	objectVersion = 56;
	objects = {

/* Begin PBXBuildFile section */
		DF162AFE2B0DC9D8008313F1 /* converse_obj.scn in Resources */ = {isa = PBXBuildFile; fileRef = DF162AFD2B0DC9D8008313F1 /* converse_obj.scn */; };
		DF23B58C2AEF5FDE00A40621 /* ARObjectDetectionViewController.swift in Sources */ = {isa = PBXBuildFile; fileRef = DF23B58B2AEF5FDE00A40621 /* ARObjectDetectionViewController.swift */; };
		DF23B58E2AEF619C00A40621 /* BubbleNode.swift in Sources */ = {isa = PBXBuildFile; fileRef = DF23B58D2AEF619C00A40621 /* BubbleNode.swift */; };
		DF23B5902AEF61D100A40621 /* ObjectDetectionService.swift in Sources */ = {isa = PBXBuildFile; fileRef = DF23B58F2AEF61D100A40621 /* ObjectDetectionService.swift */; };
		DF23B5922AEF61FF00A40621 /* Throttler.swift in Sources */ = {isa = PBXBuildFile; fileRef = DF23B5912AEF61FF00A40621 /* Throttler.swift */; };
		DF23B5952AEF625A00A40621 /* UIDevice + Extension.swift in Sources */ = {isa = PBXBuildFile; fileRef = DF23B5942AEF625A00A40621 /* UIDevice + Extension.swift */; };
		DF23B5972AEF628B00A40621 /* SCNVector3 + Extensions.swift in Sources */ = {isa = PBXBuildFile; fileRef = DF23B5962AEF628B00A40621 /* SCNVector3 + Extensions.swift */; };
		DF3D558E2AEA3F7E00601E4F /* RealTimeObjectDetetcionViewController.swift in Sources */ = {isa = PBXBuildFile; fileRef = DF3D558D2AEA3F7E00601E4F /* RealTimeObjectDetetcionViewController.swift */; };
		DF3D55932AEA415600601E4F /* VideoCapture.swift in Sources */ = {isa = PBXBuildFile; fileRef = DF3D55922AEA415600601E4F /* VideoCapture.swift */; };
		DF3D55952AEA417B00601E4F /* Measure.swift in Sources */ = {isa = PBXBuildFile; fileRef = DF3D55942AEA417B00601E4F /* Measure.swift */; };
		DF3D55972AEA419D00601E4F /* UIImage+CVPixelBuffer.swift in Sources */ = {isa = PBXBuildFile; fileRef = DF3D55962AEA419D00601E4F /* UIImage+CVPixelBuffer.swift */; };
		DF3D55992AEA425700601E4F /* DrawingBoundingBoxView.swift in Sources */ = {isa = PBXBuildFile; fileRef = DF3D55982AEA425700601E4F /* DrawingBoundingBoxView.swift */; };
		DF70E4A62ADFF53F00B7FF94 /* AppDelegate.swift in Sources */ = {isa = PBXBuildFile; fileRef = DF70E4A52ADFF53F00B7FF94 /* AppDelegate.swift */; };
		DF70E4A82ADFF53F00B7FF94 /* SceneDelegate.swift in Sources */ = {isa = PBXBuildFile; fileRef = DF70E4A72ADFF53F00B7FF94 /* SceneDelegate.swift */; };
		DF70E4AA2ADFF53F00B7FF94 /* ViewController.swift in Sources */ = {isa = PBXBuildFile; fileRef = DF70E4A92ADFF53F00B7FF94 /* ViewController.swift */; };
		DF70E4AD2ADFF53F00B7FF94 /* Main.storyboard in Resources */ = {isa = PBXBuildFile; fileRef = DF70E4AB2ADFF53F00B7FF94 /* Main.storyboard */; };
		DF70E4AF2ADFF54200B7FF94 /* Assets.xcassets in Resources */ = {isa = PBXBuildFile; fileRef = DF70E4AE2ADFF54200B7FF94 /* Assets.xcassets */; };
		DF70E4B22ADFF54200B7FF94 /* LaunchScreen.storyboard in Resources */ = {isa = PBXBuildFile; fileRef = DF70E4B02ADFF54200B7FF94 /* LaunchScreen.storyboard */; };
		DF7ECD8A2AE12EC500133EA1 /* CovidReportClassifier.mlmodel in Sources */ = {isa = PBXBuildFile; fileRef = DF7ECD892AE12EC500133EA1 /* CovidReportClassifier.mlmodel */; };
		DF8CBE1A2AE101F6003BE727 /* Resnet50.mlmodel in Sources */ = {isa = PBXBuildFile; fileRef = DF8CBE192AE101F6003BE727 /* Resnet50.mlmodel */; };
		DFA6F59E2AF8EB0700211D43 /* art.scnassets in Resources */ = {isa = PBXBuildFile; fileRef = DFA6F59D2AF8EB0700211D43 /* art.scnassets */; };
		DFB0658F2AF0B8FF000EB5C6 /* YOLOv3.mlmodel in Sources */ = {isa = PBXBuildFile; fileRef = DFB0658E2AF0B8FF000EB5C6 /* YOLOv3.mlmodel */; };
		DFBE84542AF8EE1A00A2369B /* converse_bump.jpg in Resources */ = {isa = PBXBuildFile; fileRef = DFBE844F2AF8EE1A00A2369B /* converse_bump.jpg */; };
		DFBE84552AF8EE1A00A2369B /* converse_obj.mtl in Resources */ = {isa = PBXBuildFile; fileRef = DFBE84502AF8EE1A00A2369B /* converse_obj.mtl */; };
		DFBE84572AF8EE1A00A2369B /* converse.jpg in Resources */ = {isa = PBXBuildFile; fileRef = DFBE84522AF8EE1A00A2369B /* converse.jpg */; };
		DFBE84582AF8EE1A00A2369B /* laces.jpg in Resources */ = {isa = PBXBuildFile; fileRef = DFBE84532AF8EE1A00A2369B /* laces.jpg */; };
		DFC499122AE10E8500F113A9 /* CovidDetectionViewController.swift in Sources */ = {isa = PBXBuildFile; fileRef = DFC499112AE10E8500F113A9 /* CovidDetectionViewController.swift */; };
/* End PBXBuildFile section */

/* Begin PBXFileReference section */
		DF162AFD2B0DC9D8008313F1 /* converse_obj.scn */ = {isa = PBXFileReference; lastKnownFileType = file.bplist; path = converse_obj.scn; sourceTree = "<group>"; };
		DF23B58B2AEF5FDE00A40621 /* ARObjectDetectionViewController.swift */ = {isa = PBXFileReference; lastKnownFileType = sourcecode.swift; path = ARObjectDetectionViewController.swift; sourceTree = "<group>"; };
		DF23B58D2AEF619C00A40621 /* BubbleNode.swift */ = {isa = PBXFileReference; lastKnownFileType = sourcecode.swift; path = BubbleNode.swift; sourceTree = "<group>"; };
		DF23B58F2AEF61D100A40621 /* ObjectDetectionService.swift */ = {isa = PBXFileReference; lastKnownFileType = sourcecode.swift; path = ObjectDetectionService.swift; sourceTree = "<group>"; };
		DF23B5912AEF61FF00A40621 /* Throttler.swift */ = {isa = PBXFileReference; lastKnownFileType = sourcecode.swift; path = Throttler.swift; sourceTree = "<group>"; };
		DF23B5942AEF625A00A40621 /* UIDevice + Extension.swift */ = {isa = PBXFileReference; lastKnownFileType = sourcecode.swift; path = "UIDevice + Extension.swift"; sourceTree = "<group>"; };
		DF23B5962AEF628B00A40621 /* SCNVector3 + Extensions.swift */ = {isa = PBXFileReference; lastKnownFileType = sourcecode.swift; path = "SCNVector3 + Extensions.swift"; sourceTree = "<group>"; };
		DF3D558D2AEA3F7E00601E4F /* RealTimeObjectDetetcionViewController.swift */ = {isa = PBXFileReference; lastKnownFileType = sourcecode.swift; path = RealTimeObjectDetetcionViewController.swift; sourceTree = "<group>"; };
		DF3D55922AEA415600601E4F /* VideoCapture.swift */ = {isa = PBXFileReference; lastKnownFileType = sourcecode.swift; path = VideoCapture.swift; sourceTree = "<group>"; };
		DF3D55942AEA417B00601E4F /* Measure.swift */ = {isa = PBXFileReference; lastKnownFileType = sourcecode.swift; path = Measure.swift; sourceTree = "<group>"; };
		DF3D55962AEA419D00601E4F /* UIImage+CVPixelBuffer.swift */ = {isa = PBXFileReference; lastKnownFileType = sourcecode.swift; path = "UIImage+CVPixelBuffer.swift"; sourceTree = "<group>"; };
		DF3D55982AEA425700601E4F /* DrawingBoundingBoxView.swift */ = {isa = PBXFileReference; lastKnownFileType = sourcecode.swift; path = DrawingBoundingBoxView.swift; sourceTree = "<group>"; };
		DF70E4A22ADFF53F00B7FF94 /* MLApplication.app */ = {isa = PBXFileReference; explicitFileType = wrapper.application; includeInIndex = 0; path = MLApplication.app; sourceTree = BUILT_PRODUCTS_DIR; };
		DF70E4A52ADFF53F00B7FF94 /* AppDelegate.swift */ = {isa = PBXFileReference; lastKnownFileType = sourcecode.swift; path = AppDelegate.swift; sourceTree = "<group>"; };
		DF70E4A72ADFF53F00B7FF94 /* SceneDelegate.swift */ = {isa = PBXFileReference; lastKnownFileType = sourcecode.swift; path = SceneDelegate.swift; sourceTree = "<group>"; };
		DF70E4A92ADFF53F00B7FF94 /* ViewController.swift */ = {isa = PBXFileReference; lastKnownFileType = sourcecode.swift; path = ViewController.swift; sourceTree = "<group>"; };
		DF70E4AC2ADFF53F00B7FF94 /* Base */ = {isa = PBXFileReference; lastKnownFileType = file.storyboard; name = Base; path = Base.lproj/Main.storyboard; sourceTree = "<group>"; };
		DF70E4AE2ADFF54200B7FF94 /* Assets.xcassets */ = {isa = PBXFileReference; lastKnownFileType = folder.assetcatalog; path = Assets.xcassets; sourceTree = "<group>"; };
		DF70E4B12ADFF54200B7FF94 /* Base */ = {isa = PBXFileReference; lastKnownFileType = file.storyboard; name = Base; path = Base.lproj/LaunchScreen.storyboard; sourceTree = "<group>"; };
		DF70E4B32ADFF54200B7FF94 /* Info.plist */ = {isa = PBXFileReference; lastKnownFileType = text.plist.xml; path = Info.plist; sourceTree = "<group>"; };
		DF7ECD892AE12EC500133EA1 /* CovidReportClassifier.mlmodel */ = {isa = PBXFileReference; lastKnownFileType = file.mlmodel; name = CovidReportClassifier.mlmodel; path = ../../../CovidReportClassifier.mlmodel; sourceTree = "<group>"; };
		DF8CBE192AE101F6003BE727 /* Resnet50.mlmodel */ = {isa = PBXFileReference; lastKnownFileType = file.mlmodel; name = Resnet50.mlmodel; path = ../../../../Downloads/Resnet50.mlmodel; sourceTree = "<group>"; };
		DFA6F59D2AF8EB0700211D43 /* art.scnassets */ = {isa = PBXFileReference; lastKnownFileType = wrapper.scnassets; path = art.scnassets; sourceTree = "<group>"; };
		DFB0658E2AF0B8FF000EB5C6 /* YOLOv3.mlmodel */ = {isa = PBXFileReference; lastKnownFileType = file.mlmodel; name = YOLOv3.mlmodel; path = ../../../YOLOv3.mlmodel; sourceTree = "<group>"; };
		DFBE844F2AF8EE1A00A2369B /* converse_bump.jpg */ = {isa = PBXFileReference; lastKnownFileType = image.jpeg; path = converse_bump.jpg; sourceTree = "<group>"; };
		DFBE84502AF8EE1A00A2369B /* converse_obj.mtl */ = {isa = PBXFileReference; fileEncoding = 4; lastKnownFileType = text; path = converse_obj.mtl; sourceTree = "<group>"; };
		DFBE84522AF8EE1A00A2369B /* converse.jpg */ = {isa = PBXFileReference; lastKnownFileType = image.jpeg; path = converse.jpg; sourceTree = "<group>"; };
		DFBE84532AF8EE1A00A2369B /* laces.jpg */ = {isa = PBXFileReference; lastKnownFileType = image.jpeg; path = laces.jpg; sourceTree = "<group>"; };
		DFC499112AE10E8500F113A9 /* CovidDetectionViewController.swift */ = {isa = PBXFileReference; lastKnownFileType = sourcecode.swift; path = CovidDetectionViewController.swift; sourceTree = "<group>"; };
/* End PBXFileReference section */

/* Begin PBXFrameworksBuildPhase section */
		DF70E49F2ADFF53F00B7FF94 /* Frameworks */ = {
			isa = PBXFrameworksBuildPhase;
			buildActionMask = 2147483647;
			files = (
			);
			runOnlyForDeploymentPostprocessing = 0;
		};
/* End PBXFrameworksBuildPhase section */

/* Begin PBXGroup section */
		DF23B5932AEF622E00A40621 /* Extensions */ = {
			isa = PBXGroup;
			children = (
				DF23B5942AEF625A00A40621 /* UIDevice + Extension.swift */,
				DF23B5962AEF628B00A40621 /* SCNVector3 + Extensions.swift */,
			);
			path = Extensions;
			sourceTree = "<group>";
		};
		DF3D55912AEA412A00601E4F /* utilities */ = {
			isa = PBXGroup;
			children = (
				DF3D55922AEA415600601E4F /* VideoCapture.swift */,
				DF3D55942AEA417B00601E4F /* Measure.swift */,
				DF3D55962AEA419D00601E4F /* UIImage+CVPixelBuffer.swift */,
				DF3D55982AEA425700601E4F /* DrawingBoundingBoxView.swift */,
				DF23B58D2AEF619C00A40621 /* BubbleNode.swift */,
				DF23B58F2AEF61D100A40621 /* ObjectDetectionService.swift */,
				DF23B5912AEF61FF00A40621 /* Throttler.swift */,
			);
			path = utilities;
			sourceTree = "<group>";
		};
		DF70E4992ADFF53F00B7FF94 = {
			isa = PBXGroup;
			children = (
				DF70E4A42ADFF53F00B7FF94 /* MLApplication */,
				DF70E4A32ADFF53F00B7FF94 /* Products */,
			);
			sourceTree = "<group>";
		};
		DF70E4A32ADFF53F00B7FF94 /* Products */ = {
			isa = PBXGroup;
			children = (
				DF70E4A22ADFF53F00B7FF94 /* MLApplication.app */,
			);
			name = Products;
			sourceTree = "<group>";
		};
		DF70E4A42ADFF53F00B7FF94 /* MLApplication */ = {
			isa = PBXGroup;
			children = (
				DFBE844E2AF8EDDE00A2369B /* 3DModel */,
				DF23B5932AEF622E00A40621 /* Extensions */,
				DF3D55912AEA412A00601E4F /* utilities */,
				DFC499102AE10E5800F113A9 /* ViewControllers */,
				DF8CBE172AE0FE0B003BE727 /* Models */,
				DF70E4A52ADFF53F00B7FF94 /* AppDelegate.swift */,
				DF70E4A72ADFF53F00B7FF94 /* SceneDelegate.swift */,
				DF70E4AB2ADFF53F00B7FF94 /* Main.storyboard */,
				DF70E4AE2ADFF54200B7FF94 /* Assets.xcassets */,
				DF70E4B02ADFF54200B7FF94 /* LaunchScreen.storyboard */,
				DF70E4B32ADFF54200B7FF94 /* Info.plist */,
				DFA6F59D2AF8EB0700211D43 /* art.scnassets */,
			);
			path = MLApplication;
			sourceTree = "<group>";
		};
		DF8CBE172AE0FE0B003BE727 /* Models */ = {
			isa = PBXGroup;
			children = (
				DFB0658E2AF0B8FF000EB5C6 /* YOLOv3.mlmodel */,
				DF8CBE192AE101F6003BE727 /* Resnet50.mlmodel */,
				DF7ECD892AE12EC500133EA1 /* CovidReportClassifier.mlmodel */,
			);
			path = Models;
			sourceTree = "<group>";
		};
		DFBE844E2AF8EDDE00A2369B /* 3DModel */ = {
			isa = PBXGroup;
			children = (
				DFBE844F2AF8EE1A00A2369B /* converse_bump.jpg */,
				DFBE84502AF8EE1A00A2369B /* converse_obj.mtl */,
				DF162AFD2B0DC9D8008313F1 /* converse_obj.scn */,
				DFBE84522AF8EE1A00A2369B /* converse.jpg */,
				DFBE84532AF8EE1A00A2369B /* laces.jpg */,
			);
			path = 3DModel;
			sourceTree = "<group>";
		};
		DFC499102AE10E5800F113A9 /* ViewControllers */ = {
			isa = PBXGroup;
			children = (
				DF70E4A92ADFF53F00B7FF94 /* ViewController.swift */,
				DFC499112AE10E8500F113A9 /* CovidDetectionViewController.swift */,
				DF3D558D2AEA3F7E00601E4F /* RealTimeObjectDetetcionViewController.swift */,
				DF23B58B2AEF5FDE00A40621 /* ARObjectDetectionViewController.swift */,
			);
			path = ViewControllers;
			sourceTree = "<group>";
		};
/* End PBXGroup section */

/* Begin PBXNativeTarget section */
		DF70E4A12ADFF53F00B7FF94 /* MLApplication */ = {
			isa = PBXNativeTarget;
			buildConfigurationList = DF70E4B62ADFF54200B7FF94 /* Build configuration list for PBXNativeTarget "MLApplication" */;
			buildPhases = (
				DF70E49E2ADFF53F00B7FF94 /* Sources */,
				DF70E49F2ADFF53F00B7FF94 /* Frameworks */,
				DF70E4A02ADFF53F00B7FF94 /* Resources */,
			);
			buildRules = (
			);
			dependencies = (
			);
			name = MLApplication;
			productName = MLApplication;
			productReference = DF70E4A22ADFF53F00B7FF94 /* MLApplication.app */;
			productType = "com.apple.product-type.application";
		};
/* End PBXNativeTarget section */

/* Begin PBXProject section */
		DF70E49A2ADFF53F00B7FF94 /* Project object */ = {
			isa = PBXProject;
			attributes = {
				BuildIndependentTargetsInParallel = 1;
				LastSwiftUpdateCheck = 1500;
				LastUpgradeCheck = 1500;
				TargetAttributes = {
					DF70E4A12ADFF53F00B7FF94 = {
						CreatedOnToolsVersion = 15.0;
					};
				};
			};
			buildConfigurationList = DF70E49D2ADFF53F00B7FF94 /* Build configuration list for PBXProject "MLApplication" */;
			compatibilityVersion = "Xcode 14.0";
			developmentRegion = en;
			hasScannedForEncodings = 0;
			knownRegions = (
				en,
				Base,
			);
			mainGroup = DF70E4992ADFF53F00B7FF94;
			productRefGroup = DF70E4A32ADFF53F00B7FF94 /* Products */;
			projectDirPath = "";
			projectRoot = "";
			targets = (
				DF70E4A12ADFF53F00B7FF94 /* MLApplication */,
			);
		};
/* End PBXProject section */

/* Begin PBXResourcesBuildPhase section */
		DF70E4A02ADFF53F00B7FF94 /* Resources */ = {
			isa = PBXResourcesBuildPhase;
			buildActionMask = 2147483647;
			files = (
				DFBE84572AF8EE1A00A2369B /* converse.jpg in Resources */,
				DF70E4B22ADFF54200B7FF94 /* LaunchScreen.storyboard in Resources */,
				DFBE84582AF8EE1A00A2369B /* laces.jpg in Resources */,
				DFA6F59E2AF8EB0700211D43 /* art.scnassets in Resources */,
				DFBE84542AF8EE1A00A2369B /* converse_bump.jpg in Resources */,
				DF70E4AF2ADFF54200B7FF94 /* Assets.xcassets in Resources */,
				DFBE84552AF8EE1A00A2369B /* converse_obj.mtl in Resources */,
				DF70E4AD2ADFF53F00B7FF94 /* Main.storyboard in Resources */,
				DF162AFE2B0DC9D8008313F1 /* converse_obj.scn in Resources */,
			);
			runOnlyForDeploymentPostprocessing = 0;
		};
/* End PBXResourcesBuildPhase section */

/* Begin PBXSourcesBuildPhase section */
		DF70E49E2ADFF53F00B7FF94 /* Sources */ = {
			isa = PBXSourcesBuildPhase;
			buildActionMask = 2147483647;
			files = (
				DF70E4AA2ADFF53F00B7FF94 /* ViewController.swift in Sources */,
				DF70E4A62ADFF53F00B7FF94 /* AppDelegate.swift in Sources */,
				DF23B5922AEF61FF00A40621 /* Throttler.swift in Sources */,
				DF23B5972AEF628B00A40621 /* SCNVector3 + Extensions.swift in Sources */,
				DF3D55952AEA417B00601E4F /* Measure.swift in Sources */,
				DF23B58C2AEF5FDE00A40621 /* ARObjectDetectionViewController.swift in Sources */,
				DF3D55972AEA419D00601E4F /* UIImage+CVPixelBuffer.swift in Sources */,
				DF3D558E2AEA3F7E00601E4F /* RealTimeObjectDetetcionViewController.swift in Sources */,
				DF23B5902AEF61D100A40621 /* ObjectDetectionService.swift in Sources */,
				DF3D55932AEA415600601E4F /* VideoCapture.swift in Sources */,
				DF8CBE1A2AE101F6003BE727 /* Resnet50.mlmodel in Sources */,
				DF23B58E2AEF619C00A40621 /* BubbleNode.swift in Sources */,
				DFB0658F2AF0B8FF000EB5C6 /* YOLOv3.mlmodel in Sources */,
				DF7ECD8A2AE12EC500133EA1 /* CovidReportClassifier.mlmodel in Sources */,
				DF23B5952AEF625A00A40621 /* UIDevice + Extension.swift in Sources */,
				DF3D55992AEA425700601E4F /* DrawingBoundingBoxView.swift in Sources */,
				DFC499122AE10E8500F113A9 /* CovidDetectionViewController.swift in Sources */,
				DF70E4A82ADFF53F00B7FF94 /* SceneDelegate.swift in Sources */,
			);
			runOnlyForDeploymentPostprocessing = 0;
		};
/* End PBXSourcesBuildPhase section */

/* Begin PBXVariantGroup section */
		DF70E4AB2ADFF53F00B7FF94 /* Main.storyboard */ = {
			isa = PBXVariantGroup;
			children = (
				DF70E4AC2ADFF53F00B7FF94 /* Base */,
			);
			name = Main.storyboard;
			sourceTree = "<group>";
		};
		DF70E4B02ADFF54200B7FF94 /* LaunchScreen.storyboard */ = {
			isa = PBXVariantGroup;
			children = (
				DF70E4B12ADFF54200B7FF94 /* Base */,
			);
			name = LaunchScreen.storyboard;
			sourceTree = "<group>";
		};
/* End PBXVariantGroup section */

/* Begin XCBuildConfiguration section */
		DF70E4B42ADFF54200B7FF94 /* Debug */ = {
			isa = XCBuildConfiguration;
			buildSettings = {
				ALWAYS_SEARCH_USER_PATHS = NO;
				ASSETCATALOG_COMPILER_GENERATE_SWIFT_ASSET_SYMBOL_EXTENSIONS = YES;
				CLANG_ANALYZER_NONNULL = YES;
				CLANG_ANALYZER_NUMBER_OBJECT_CONVERSION = YES_AGGRESSIVE;
				CLANG_CXX_LANGUAGE_STANDARD = "gnu++20";
				CLANG_ENABLE_MODULES = YES;
				CLANG_ENABLE_OBJC_ARC = YES;
				CLANG_ENABLE_OBJC_WEAK = YES;
				CLANG_WARN_BLOCK_CAPTURE_AUTORELEASING = YES;
				CLANG_WARN_BOOL_CONVERSION = YES;
				CLANG_WARN_COMMA = YES;
				CLANG_WARN_CONSTANT_CONVERSION = YES;
				CLANG_WARN_DEPRECATED_OBJC_IMPLEMENTATIONS = YES;
				CLANG_WARN_DIRECT_OBJC_ISA_USAGE = YES_ERROR;
				CLANG_WARN_DOCUMENTATION_COMMENTS = YES;
				CLANG_WARN_EMPTY_BODY = YES;
				CLANG_WARN_ENUM_CONVERSION = YES;
				CLANG_WARN_INFINITE_RECURSION = YES;
				CLANG_WARN_INT_CONVERSION = YES;
				CLANG_WARN_NON_LITERAL_NULL_CONVERSION = YES;
				CLANG_WARN_OBJC_IMPLICIT_RETAIN_SELF = YES;
				CLANG_WARN_OBJC_LITERAL_CONVERSION = YES;
				CLANG_WARN_OBJC_ROOT_CLASS = YES_ERROR;
				CLANG_WARN_QUOTED_INCLUDE_IN_FRAMEWORK_HEADER = YES;
				CLANG_WARN_RANGE_LOOP_ANALYSIS = YES;
				CLANG_WARN_STRICT_PROTOTYPES = YES;
				CLANG_WARN_SUSPICIOUS_MOVE = YES;
				CLANG_WARN_UNGUARDED_AVAILABILITY = YES_AGGRESSIVE;
				CLANG_WARN_UNREACHABLE_CODE = YES;
				CLANG_WARN__DUPLICATE_METHOD_MATCH = YES;
				COPY_PHASE_STRIP = NO;
				DEBUG_INFORMATION_FORMAT = dwarf;
				ENABLE_STRICT_OBJC_MSGSEND = YES;
				ENABLE_TESTABILITY = YES;
				ENABLE_USER_SCRIPT_SANDBOXING = YES;
				GCC_C_LANGUAGE_STANDARD = gnu17;
				GCC_DYNAMIC_NO_PIC = NO;
				GCC_NO_COMMON_BLOCKS = YES;
				GCC_OPTIMIZATION_LEVEL = 0;
				GCC_PREPROCESSOR_DEFINITIONS = (
					"DEBUG=1",
					"$(inherited)",
				);
				GCC_WARN_64_TO_32_BIT_CONVERSION = YES;
				GCC_WARN_ABOUT_RETURN_TYPE = YES_ERROR;
				GCC_WARN_UNDECLARED_SELECTOR = YES;
				GCC_WARN_UNINITIALIZED_AUTOS = YES_AGGRESSIVE;
				GCC_WARN_UNUSED_FUNCTION = YES;
				GCC_WARN_UNUSED_VARIABLE = YES;
				IPHONEOS_DEPLOYMENT_TARGET = 17.0;
				LOCALIZATION_PREFERS_STRING_CATALOGS = YES;
				MTL_ENABLE_DEBUG_INFO = INCLUDE_SOURCE;
				MTL_FAST_MATH = YES;
				ONLY_ACTIVE_ARCH = YES;
				SDKROOT = iphoneos;
				SWIFT_ACTIVE_COMPILATION_CONDITIONS = "DEBUG $(inherited)";
				SWIFT_OPTIMIZATION_LEVEL = "-Onone";
			};
			name = Debug;
		};
		DF70E4B52ADFF54200B7FF94 /* Release */ = {
			isa = XCBuildConfiguration;
			buildSettings = {
				ALWAYS_SEARCH_USER_PATHS = NO;
				ASSETCATALOG_COMPILER_GENERATE_SWIFT_ASSET_SYMBOL_EXTENSIONS = YES;
				CLANG_ANALYZER_NONNULL = YES;
				CLANG_ANALYZER_NUMBER_OBJECT_CONVERSION = YES_AGGRESSIVE;
				CLANG_CXX_LANGUAGE_STANDARD = "gnu++20";
				CLANG_ENABLE_MODULES = YES;
				CLANG_ENABLE_OBJC_ARC = YES;
				CLANG_ENABLE_OBJC_WEAK = YES;
				CLANG_WARN_BLOCK_CAPTURE_AUTORELEASING = YES;
				CLANG_WARN_BOOL_CONVERSION = YES;
				CLANG_WARN_COMMA = YES;
				CLANG_WARN_CONSTANT_CONVERSION = YES;
				CLANG_WARN_DEPRECATED_OBJC_IMPLEMENTATIONS = YES;
				CLANG_WARN_DIRECT_OBJC_ISA_USAGE = YES_ERROR;
				CLANG_WARN_DOCUMENTATION_COMMENTS = YES;
				CLANG_WARN_EMPTY_BODY = YES;
				CLANG_WARN_ENUM_CONVERSION = YES;
				CLANG_WARN_INFINITE_RECURSION = YES;
				CLANG_WARN_INT_CONVERSION = YES;
				CLANG_WARN_NON_LITERAL_NULL_CONVERSION = YES;
				CLANG_WARN_OBJC_IMPLICIT_RETAIN_SELF = YES;
				CLANG_WARN_OBJC_LITERAL_CONVERSION = YES;
				CLANG_WARN_OBJC_ROOT_CLASS = YES_ERROR;
				CLANG_WARN_QUOTED_INCLUDE_IN_FRAMEWORK_HEADER = YES;
				CLANG_WARN_RANGE_LOOP_ANALYSIS = YES;
				CLANG_WARN_STRICT_PROTOTYPES = YES;
				CLANG_WARN_SUSPICIOUS_MOVE = YES;
				CLANG_WARN_UNGUARDED_AVAILABILITY = YES_AGGRESSIVE;
				CLANG_WARN_UNREACHABLE_CODE = YES;
				CLANG_WARN__DUPLICATE_METHOD_MATCH = YES;
				COPY_PHASE_STRIP = NO;
				DEBUG_INFORMATION_FORMAT = "dwarf-with-dsym";
				ENABLE_NS_ASSERTIONS = NO;
				ENABLE_STRICT_OBJC_MSGSEND = YES;
				ENABLE_USER_SCRIPT_SANDBOXING = YES;
				GCC_C_LANGUAGE_STANDARD = gnu17;
				GCC_NO_COMMON_BLOCKS = YES;
				GCC_WARN_64_TO_32_BIT_CONVERSION = YES;
				GCC_WARN_ABOUT_RETURN_TYPE = YES_ERROR;
				GCC_WARN_UNDECLARED_SELECTOR = YES;
				GCC_WARN_UNINITIALIZED_AUTOS = YES_AGGRESSIVE;
				GCC_WARN_UNUSED_FUNCTION = YES;
				GCC_WARN_UNUSED_VARIABLE = YES;
				IPHONEOS_DEPLOYMENT_TARGET = 17.0;
				LOCALIZATION_PREFERS_STRING_CATALOGS = YES;
				MTL_ENABLE_DEBUG_INFO = NO;
				MTL_FAST_MATH = YES;
				SDKROOT = iphoneos;
				SWIFT_COMPILATION_MODE = wholemodule;
				VALIDATE_PRODUCT = YES;
			};
			name = Release;
		};
		DF70E4B72ADFF54200B7FF94 /* Debug */ = {
			isa = XCBuildConfiguration;
			buildSettings = {
				ASSETCATALOG_COMPILER_APPICON_NAME = AppIcon;
				ASSETCATALOG_COMPILER_GLOBAL_ACCENT_COLOR_NAME = AccentColor;
				CODE_SIGN_STYLE = Automatic;
				CURRENT_PROJECT_VERSION = 1;
				DEVELOPMENT_TEAM = 29KK6BR8LU;
				GENERATE_INFOPLIST_FILE = YES;
				INFOPLIST_FILE = MLApplication/Info.plist;
				INFOPLIST_KEY_UIApplicationSupportsIndirectInputEvents = YES;
				INFOPLIST_KEY_UILaunchStoryboardName = LaunchScreen;
				INFOPLIST_KEY_UIMainStoryboardFile = Main;
				INFOPLIST_KEY_UISupportedInterfaceOrientations_iPad = "UIInterfaceOrientationPortrait UIInterfaceOrientationPortraitUpsideDown UIInterfaceOrientationLandscapeLeft UIInterfaceOrientationLandscapeRight";
				INFOPLIST_KEY_UISupportedInterfaceOrientations_iPhone = "UIInterfaceOrientationPortrait UIInterfaceOrientationLandscapeLeft UIInterfaceOrientationLandscapeRight";
				IPHONEOS_DEPLOYMENT_TARGET = 13.0;
				LD_RUNPATH_SEARCH_PATHS = (
					"$(inherited)",
					"@executable_path/Frameworks",
				);
				MARKETING_VERSION = 1.0;
				PRODUCT_BUNDLE_IDENTIFIER = Kishanjeet.MLApplication;
				PRODUCT_NAME = "$(TARGET_NAME)";
				SWIFT_EMIT_LOC_STRINGS = YES;
				SWIFT_VERSION = 5.0;
				TARGETED_DEVICE_FAMILY = "1,2";
			};
			name = Debug;
		};
		DF70E4B82ADFF54200B7FF94 /* Release */ = {
			isa = XCBuildConfiguration;
			buildSettings = {
				ASSETCATALOG_COMPILER_APPICON_NAME = AppIcon;
				ASSETCATALOG_COMPILER_GLOBAL_ACCENT_COLOR_NAME = AccentColor;
				CODE_SIGN_STYLE = Automatic;
				CURRENT_PROJECT_VERSION = 1;
				DEVELOPMENT_TEAM = 29KK6BR8LU;
				GENERATE_INFOPLIST_FILE = YES;
				INFOPLIST_FILE = MLApplication/Info.plist;
				INFOPLIST_KEY_UIApplicationSupportsIndirectInputEvents = YES;
				INFOPLIST_KEY_UILaunchStoryboardName = LaunchScreen;
				INFOPLIST_KEY_UIMainStoryboardFile = Main;
				INFOPLIST_KEY_UISupportedInterfaceOrientations_iPad = "UIInterfaceOrientationPortrait UIInterfaceOrientationPortraitUpsideDown UIInterfaceOrientationLandscapeLeft UIInterfaceOrientationLandscapeRight";
				INFOPLIST_KEY_UISupportedInterfaceOrientations_iPhone = "UIInterfaceOrientationPortrait UIInterfaceOrientationLandscapeLeft UIInterfaceOrientationLandscapeRight";
				IPHONEOS_DEPLOYMENT_TARGET = 13.0;
				LD_RUNPATH_SEARCH_PATHS = (
					"$(inherited)",
					"@executable_path/Frameworks",
				);
				MARKETING_VERSION = 1.0;
				PRODUCT_BUNDLE_IDENTIFIER = Kishanjeet.MLApplication;
				PRODUCT_NAME = "$(TARGET_NAME)";
				SWIFT_EMIT_LOC_STRINGS = YES;
				SWIFT_VERSION = 5.0;
				TARGETED_DEVICE_FAMILY = "1,2";
			};
			name = Release;
		};
/* End XCBuildConfiguration section */

/* Begin XCConfigurationList section */
		DF70E49D2ADFF53F00B7FF94 /* Build configuration list for PBXProject "MLApplication" */ = {
			isa = XCConfigurationList;
			buildConfigurations = (
				DF70E4B42ADFF54200B7FF94 /* Debug */,
				DF70E4B52ADFF54200B7FF94 /* Release */,
			);
			defaultConfigurationIsVisible = 0;
			defaultConfigurationName = Release;
		};
		DF70E4B62ADFF54200B7FF94 /* Build configuration list for PBXNativeTarget "MLApplication" */ = {
			isa = XCConfigurationList;
			buildConfigurations = (
				DF70E4B72ADFF54200B7FF94 /* Debug */,
				DF70E4B82ADFF54200B7FF94 /* Release */,
			);
			defaultConfigurationIsVisible = 0;
			defaultConfigurationName = Release;
		};
/* End XCConfigurationList section */
	};
	rootObject = DF70E49A2ADFF53F00B7FF94 /* Project object */;
}
